
Microsoft Visual Studio Solution File, Format Version 12.00
# Visual Studio 15
VisualStudioVersion = 15.0.27703.2042
MinimumVisualStudioVersion = 10.0.40219.1
Project("{FAE04EC0-301F-11D3-BF4B-00C04F79EFBC}") = "whitegoodsd", "whitegoodsd\whitegoodsd.csproj", "{4A3CBD94-CA15-4B3D-898A-A005DE622A5A}"
EndProject
Global
	GlobalSection(SolutionConfigurationPlatforms) = preSolution
		Debug|Any CPU = Debug|Any CPU
		Release|Any CPU = Release|Any CPU
	EndGlobalSection
	GlobalSection(ProjectConfigurationPlatforms) = postSolution
		{4A3CBD94-CA15-4B3D-898A-A005DE622A5A}.Debug|Any CPU.ActiveCfg = Debug|Any CPU
		{4A3CBD94-CA15-4B3D-898A-A005DE622A5A}.Debug|Any CPU.Build.0 = Debug|Any CPU
		{4A3CBD94-CA15-4B3D-898A-A005DE622A5A}.Release|Any CPU.ActiveCfg = Release|Any CPU
		{4A3CBD94-CA15-4B3D-898A-A005DE622A5A}.Release|Any CPU.Build.0 = Release|Any CPU
	EndGlobalSection
	GlobalSection(SolutionProperties) = preSolution
		HideSolutionNode = FALSE
	EndGlobalSection
	GlobalSection(ExtensibilityGlobals) = postSolution
		SolutionGuid = {0EB48D79-D73E-4CFD-8479-861389BCB197}
	EndGlobalSection
EndGlobal
